<?xml version="1.0" encoding="UTF-8" standalone="yes" ?>
<CodeBlocks_project_file>
	<FileVersion major="1" minor="6" />
	<Project>
		<Option title="Ifa-Sudoku" />
		<Option makefile="makefile" />
		<Option pch_mode="2" />
		<Option compiler="gcc" />
		<Build>
			<Target title="Debug">
				<Option output="bin/Debug/Ifa-Sudoku" prefix_auto="1" extension_auto="1" />
				<Option object_output="obj/Debug/" />
				<Option type="1" />
				<Option compiler="gcc" />
				<Compiler>
					<Add option="-g" />
					<Add directory="lib/include" />
				</Compiler>
				<Linker>
					<Add library="lib/lib/libformw.a" />
					<Add library="lib/lib/libformw.dll.a" />
					<Add library="lib/lib/libmenuw.a" />
					<Add library="lib/lib/libmenuw.dll.a" />
					<Add library="lib/lib/libncursesw.a" />
					<Add library="lib/lib/libncursesw.dll.a" />
					<Add library="lib/lib/libpanelw.a" />
					<Add library="lib/lib/libpanelw.dll.a" />
					<Add directory="lib/lib" />
					<LinkerExe value="Linker" />
				</Linker>
			</Target>
			<Target title="Release">
				<Option output="bin/Release/Ifa-Sudoku" prefix_auto="1" extension_auto="1" />
				<Option object_output="obj/Release/" />
				<Option type="1" />
				<Option compiler="gcc" />
				<Compiler>
					<Add option="-O2" />
				</Compiler>
				<Linker>
					<Add option="-s" />
					<Add library="lib/lib/libformw.a" />
					<Add library="lib/lib/libformw.dll.a" />
					<Add library="lib/lib/libmenuw.a" />
					<Add library="lib/lib/libmenuw.dll.a" />
					<Add library="lib/lib/libncursesw.a" />
					<Add library="lib/lib/libncursesw.dll.a" />
					<Add library="lib/lib/libpanelw.a" />
					<Add library="lib/lib/libpanelw.dll.a" />
				</Linker>
			</Target>
		</Build>
		<Compiler>
			<Add option="-Wall" />
			<Add option="-DCURSES_STATIC" />
			<Add directory="lib/include" />
		</Compiler>
		<Linker>
			<Add library="lib/lib/libformw.a" />
			<Add library="lib/lib/libformw.dll.a" />
			<Add library="lib/lib/libmenuw.a" />
			<Add library="lib/lib/libmenuw.dll.a" />
			<Add library="lib/lib/libncursesw.a" />
			<Add library="lib/lib/libncursesw.dll.a" />
			<Add library="lib/lib/libpanelw.a" />
			<Add library="lib/lib/libpanelw.dll.a" />
			<Add directory="lib/lib" />
		</Linker>
		<Unit filename="Ifa-Sudoku.cbp" />
		<Unit filename="LICENSE" />
		<Unit filename="README.md" />
		<Unit filename="controls.c">
			<Option compilerVar="CC" />
		</Unit>
		<Unit filename="difficulties.c">
			<Option compilerVar="CC" />
		</Unit>
		<Unit filename="display.c">
			<Option compilerVar="CC" />
		</Unit>
		<Unit filename="lib/include/ncursesw/curses.h" />
		<Unit filename="lib/include/ncursesw/ncurses_dll.h" />
		<Unit filename="lib/include/ncursesw/unctrl.h" />
		<Unit filename="logic.c">
			<Option compilerVar="CC" />
		</Unit>
		<Unit filename="main.c">
			<Option compilerVar="CC" />
		</Unit>
		<Unit filename="makefile" />
		<Unit filename="stats.c">
			<Option compilerVar="CC" />
		</Unit>
		<Unit filename="sudoku.c">
			<Option compilerVar="CC" />
		</Unit>
		<Unit filename="sudoku.h" />
		<Extensions>
			<lib_finder disable_auto="1" />
		</Extensions>
	</Project>
</CodeBlocks_project_file>
